
Microsoft Visual Studio Solution File, Format Version 12.00
# Visual Studio Version 16
VisualStudioVersion = 16.0.30804.86
MinimumVisualStudioVersion = 10.0.40219.1
Project("{FAE04EC0-301F-11D3-BF4B-00C04F79EFBC}") = "Ejercicios", "Ejercicios\Ejercicios.csproj", "{9B76E206-CF54-40F4-A085-A939BB6F3CCC}"
EndProject
Global
	GlobalSection(SolutionConfigurationPlatforms) = preSolution
		Debug|Any CPU = Debug|Any CPU
		Release|Any CPU = Release|Any CPU
	EndGlobalSection
	GlobalSection(ProjectConfigurationPlatforms) = postSolution
		{9B76E206-CF54-40F4-A085-A939BB6F3CCC}.Debug|Any CPU.ActiveCfg = Debug|Any CPU
		{9B76E206-CF54-40F4-A085-A939BB6F3CCC}.Debug|Any CPU.Build.0 = Debug|Any CPU
		{9B76E206-CF54-40F4-A085-A939BB6F3CCC}.Release|Any CPU.ActiveCfg = Release|Any CPU
		{9B76E206-CF54-40F4-A085-A939BB6F3CCC}.Release|Any CPU.Build.0 = Release|Any CPU
	EndGlobalSection
	GlobalSection(SolutionProperties) = preSolution
		HideSolutionNode = FALSE
	EndGlobalSection
	GlobalSection(ExtensibilityGlobals) = postSolution
		SolutionGuid = {57A4E75D-5E72-474C-844F-46BE6833BF52}
	EndGlobalSection
EndGlobal
